// !$*UTF8*$!
{
	archiveVersion = 1;
	classes = {
	};
	objectVersion = 50;
	objects = {

/* Begin PBXBuildFile section */
		84F2288F221269C100A188C4 /* AppDelegate.swift in Sources */ = {isa = PBXBuildFile; fileRef = 84F2288E221269C100A188C4 /* AppDelegate.swift */; };
		84F22891221269C100A188C4 /* ViewController.swift in Sources */ = {isa = PBXBuildFile; fileRef = 84F22890221269C100A188C4 /* ViewController.swift */; };
		84F22894221269C100A188C4 /* Main.storyboard in Resources */ = {isa = PBXBuildFile; fileRef = 84F22892221269C100A188C4 /* Main.storyboard */; };
		84F22897221269C100A188C4 /* multiple.xcdatamodeld in Sources */ = {isa = PBXBuildFile; fileRef = 84F22895221269C100A188C4 /* multiple.xcdatamodeld */; };
		84F22899221269C100A188C4 /* Assets.xcassets in Resources */ = {isa = PBXBuildFile; fileRef = 84F22898221269C100A188C4 /* Assets.xcassets */; };
		84F2289C221269C100A188C4 /* LaunchScreen.storyboard in Resources */ = {isa = PBXBuildFile; fileRef = 84F2289A221269C100A188C4 /* LaunchScreen.storyboard */; };
		84F228A7221269C200A188C4 /* multipleTests.swift in Sources */ = {isa = PBXBuildFile; fileRef = 84F228A6221269C200A188C4 /* multipleTests.swift */; };
		84F228B2221269C200A188C4 /* multipleUITests.swift in Sources */ = {isa = PBXBuildFile; fileRef = 84F228B1221269C200A188C4 /* multipleUITests.swift */; };
		84F228C022126A3400A188C4 /* secondViewController.swift in Sources */ = {isa = PBXBuildFile; fileRef = 84F228BF22126A3400A188C4 /* secondViewController.swift */; };
/* End PBXBuildFile section */

/* Begin PBXContainerItemProxy section */
		84F228A3221269C200A188C4 /* PBXContainerItemProxy */ = {
			isa = PBXContainerItemProxy;
			containerPortal = 84F22883221269C100A188C4 /* Project object */;
			proxyType = 1;
			remoteGlobalIDString = 84F2288A221269C100A188C4;
			remoteInfo = multiple;
		};
		84F228AE221269C200A188C4 /* PBXContainerItemProxy */ = {
			isa = PBXContainerItemProxy;
			containerPortal = 84F22883221269C100A188C4 /* Project object */;
			proxyType = 1;
			remoteGlobalIDString = 84F2288A221269C100A188C4;
			remoteInfo = multiple;
		};
/* End PBXContainerItemProxy section */

/* Begin PBXFileReference section */
		84F2288B221269C100A188C4 /* multiple.app */ = {isa = PBXFileReference; explicitFileType = wrapper.application; includeInIndex = 0; path = multiple.app; sourceTree = BUILT_PRODUCTS_DIR; };
		84F2288E221269C100A188C4 /* AppDelegate.swift */ = {isa = PBXFileReference; lastKnownFileType = sourcecode.swift; path = AppDelegate.swift; sourceTree = "<group>"; };
		84F22890221269C100A188C4 /* ViewController.swift */ = {isa = PBXFileReference; lastKnownFileType = sourcecode.swift; path = ViewController.swift; sourceTree = "<group>"; };
		84F22893221269C100A188C4 /* Base */ = {isa = PBXFileReference; lastKnownFileType = file.storyboard; name = Base; path = Base.lproj/Main.storyboard; sourceTree = "<group>"; };
		84F22896221269C100A188C4 /* multiple.xcdatamodel */ = {isa = PBXFileReference; lastKnownFileType = wrapper.xcdatamodel; path = multiple.xcdatamodel; sourceTree = "<group>"; };
		84F22898221269C100A188C4 /* Assets.xcassets */ = {isa = PBXFileReference; lastKnownFileType = folder.assetcatalog; path = Assets.xcassets; sourceTree = "<group>"; };
		84F2289B221269C100A188C4 /* Base */ = {isa = PBXFileReference; lastKnownFileType = file.storyboard; name = Base; path = Base.lproj/LaunchScreen.storyboard; sourceTree = "<group>"; };
		84F2289D221269C100A188C4 /* Info.plist */ = {isa = PBXFileReference; lastKnownFileType = text.plist.xml; path = Info.plist; sourceTree = "<group>"; };
		84F228A2221269C200A188C4 /* multipleTests.xctest */ = {isa = PBXFileReference; explicitFileType = wrapper.cfbundle; includeInIndex = 0; path = multipleTests.xctest; sourceTree = BUILT_PRODUCTS_DIR; };
		84F228A6221269C200A188C4 /* multipleTests.swift */ = {isa = PBXFileReference; lastKnownFileType = sourcecode.swift; path = multipleTests.swift; sourceTree = "<group>"; };
		84F228A8221269C200A188C4 /* Info.plist */ = {isa = PBXFileReference; lastKnownFileType = text.plist.xml; path = Info.plist; sourceTree = "<group>"; };
		84F228AD221269C200A188C4 /* multipleUITests.xctest */ = {isa = PBXFileReference; explicitFileType = wrapper.cfbundle; includeInIndex = 0; path = multipleUITests.xctest; sourceTree = BUILT_PRODUCTS_DIR; };
		84F228B1221269C200A188C4 /* multipleUITests.swift */ = {isa = PBXFileReference; lastKnownFileType = sourcecode.swift; path = multipleUITests.swift; sourceTree = "<group>"; };
		84F228B3221269C200A188C4 /* Info.plist */ = {isa = PBXFileReference; lastKnownFileType = text.plist.xml; path = Info.plist; sourceTree = "<group>"; };
		84F228BF22126A3400A188C4 /* secondViewController.swift */ = {isa = PBXFileReference; lastKnownFileType = sourcecode.swift; path = secondViewController.swift; sourceTree = "<group>"; };
/* End PBXFileReference section */

/* Begin PBXFrameworksBuildPhase section */
		84F22888221269C100A188C4 /* Frameworks */ = {
			isa = PBXFrameworksBuildPhase;
			buildActionMask = 2147483647;
			files = (
			);
			runOnlyForDeploymentPostprocessing = 0;
		};
		84F2289F221269C200A188C4 /* Frameworks */ = {
			isa = PBXFrameworksBuildPhase;
			buildActionMask = 2147483647;
			files = (
			);
			runOnlyForDeploymentPostprocessing = 0;
		};
		84F228AA221269C200A188C4 /* Frameworks */ = {
			isa = PBXFrameworksBuildPhase;
			buildActionMask = 2147483647;
			files = (
			);
			runOnlyForDeploymentPostprocessing = 0;
		};
/* End PBXFrameworksBuildPhase section */

/* Begin PBXGroup section */
		84F22882221269C100A188C4 = {
			isa = PBXGroup;
			children = (
				84F2288D221269C100A188C4 /* multiple */,
				84F228A5221269C200A188C4 /* multipleTests */,
				84F228B0221269C200A188C4 /* multipleUITests */,
				84F2288C221269C100A188C4 /* Products */,
			);
			sourceTree = "<group>";
		};
		84F2288C221269C100A188C4 /* Products */ = {
			isa = PBXGroup;
			children = (
				84F2288B221269C100A188C4 /* multiple.app */,
				84F228A2221269C200A188C4 /* multipleTests.xctest */,
				84F228AD221269C200A188C4 /* multipleUITests.xctest */,
			);
			name = Products;
			sourceTree = "<group>";
		};
		84F2288D221269C100A188C4 /* multiple */ = {
			isa = PBXGroup;
			children = (
				84F2288E221269C100A188C4 /* AppDelegate.swift */,
				84F22890221269C100A188C4 /* ViewController.swift */,
				84F22892221269C100A188C4 /* Main.storyboard */,
				84F228BF22126A3400A188C4 /* secondViewController.swift */,
				84F22898221269C100A188C4 /* Assets.xcassets */,
				84F2289A221269C100A188C4 /* LaunchScreen.storyboard */,
				84F2289D221269C100A188C4 /* Info.plist */,
				84F22895221269C100A188C4 /* multiple.xcdatamodeld */,
			);
			path = multiple;
			sourceTree = "<group>";
		};
		84F228A5221269C200A188C4 /* multipleTests */ = {
			isa = PBXGroup;
			children = (
				84F228A6221269C200A188C4 /* multipleTests.swift */,
				84F228A8221269C200A188C4 /* Info.plist */,
			);
			path = multipleTests;
			sourceTree = "<group>";
		};
		84F228B0221269C200A188C4 /* multipleUITests */ = {
			isa = PBXGroup;
			children = (
				84F228B1221269C200A188C4 /* multipleUITests.swift */,
				84F228B3221269C200A188C4 /* Info.plist */,
			);
			path = multipleUITests;
			sourceTree = "<group>";
		};
/* End PBXGroup section */

/* Begin PBXNativeTarget section */
		84F2288A221269C100A188C4 /* multiple */ = {
			isa = PBXNativeTarget;
			buildConfigurationList = 84F228B6221269C200A188C4 /* Build configuration list for PBXNativeTarget "multiple" */;
			buildPhases = (
				84F22887221269C100A188C4 /* Sources */,
				84F22888221269C100A188C4 /* Frameworks */,
				84F22889221269C100A188C4 /* Resources */,
			);
			buildRules = (
			);
			dependencies = (
			);
			name = multiple;
			productName = multiple;
			productReference = 84F2288B221269C100A188C4 /* multiple.app */;
			productType = "com.apple.product-type.application";
		};
		84F228A1221269C200A188C4 /* multipleTests */ = {
			isa = PBXNativeTarget;
			buildConfigurationList = 84F228B9221269C200A188C4 /* Build configuration list for PBXNativeTarget "multipleTests" */;
			buildPhases = (
				84F2289E221269C200A188C4 /* Sources */,
				84F2289F221269C200A188C4 /* Frameworks */,
				84F228A0221269C200A188C4 /* Resources */,
			);
			buildRules = (
			);
			dependencies = (
				84F228A4221269C200A188C4 /* PBXTargetDependency */,
			);
			name = multipleTests;
			productName = multipleTests;
			productReference = 84F228A2221269C200A188C4 /* multipleTests.xctest */;
			productType = "com.apple.product-type.bundle.unit-test";
		};
		84F228AC221269C200A188C4 /* multipleUITests */ = {
			isa = PBXNativeTarget;
			buildConfigurationList = 84F228BC221269C200A188C4 /* Build configuration list for PBXNativeTarget "multipleUITests" */;
			buildPhases = (
				84F228A9221269C200A188C4 /* Sources */,
				84F228AA221269C200A188C4 /* Frameworks */,
				84F228AB221269C200A188C4 /* Resources */,
			);
			buildRules = (
			);
			dependencies = (
				84F228AF221269C200A188C4 /* PBXTargetDependency */,
			);
			name = multipleUITests;
			productName = multipleUITests;
			productReference = 84F228AD221269C200A188C4 /* multipleUITests.xctest */;
			productType = "com.apple.product-type.bundle.ui-testing";
		};
/* End PBXNativeTarget section */

/* Begin PBXProject section */
		84F22883221269C100A188C4 /* Project object */ = {
			isa = PBXProject;
			attributes = {
				LastSwiftUpdateCheck = 1010;
				LastUpgradeCheck = 1010;
				ORGANIZATIONNAME = Admin;
				TargetAttributes = {
					84F2288A221269C100A188C4 = {
						CreatedOnToolsVersion = 10.1;
					};
					84F228A1221269C200A188C4 = {
						CreatedOnToolsVersion = 10.1;
						TestTargetID = 84F2288A221269C100A188C4;
					};
					84F228AC221269C200A188C4 = {
						CreatedOnToolsVersion = 10.1;
						TestTargetID = 84F2288A221269C100A188C4;
					};
				};
			};
			buildConfigurationList = 84F22886221269C100A188C4 /* Build configuration list for PBXProject "multiple" */;
			compatibilityVersion = "Xcode 9.3";
			developmentRegion = en;
			hasScannedForEncodings = 0;
			knownRegions = (
				en,
				Base,
			);
			mainGroup = 84F22882221269C100A188C4;
			productRefGroup = 84F2288C221269C100A188C4 /* Products */;
			projectDirPath = "";
			projectRoot = "";
			targets = (
				84F2288A221269C100A188C4 /* multiple */,
				84F228A1221269C200A188C4 /* multipleTests */,
				84F228AC221269C200A188C4 /* multipleUITests */,
			);
		};
/* End PBXProject section */

/* Begin PBXResourcesBuildPhase section */
		84F22889221269C100A188C4 /* Resources */ = {
			isa = PBXResourcesBuildPhase;
			buildActionMask = 2147483647;
			files = (
				84F2289C221269C100A188C4 /* LaunchScreen.storyboard in Resources */,
				84F22899221269C100A188C4 /* Assets.xcassets in Resources */,
				84F22894221269C100A188C4 /* Main.storyboard in Resources */,
			);
			runOnlyForDeploymentPostprocessing = 0;
		};
		84F228A0221269C200A188C4 /* Resources */ = {
			isa = PBXResourcesBuildPhase;
			buildActionMask = 2147483647;
			files = (
			);
			runOnlyForDeploymentPostprocessing = 0;
		};
		84F228AB221269C200A188C4 /* Resources */ = {
			isa = PBXResourcesBuildPhase;
			buildActionMask = 2147483647;
			files = (
			);
			runOnlyForDeploymentPostprocessing = 0;
		};
/* End PBXResourcesBuildPhase section */

/* Begin PBXSourcesBuildPhase section */
		84F22887221269C100A188C4 /* Sources */ = {
			isa = PBXSourcesBuildPhase;
			buildActionMask = 2147483647;
			files = (
				84F228C022126A3400A188C4 /* secondViewController.swift in Sources */,
				84F22897221269C100A188C4 /* multiple.xcdatamodeld in Sources */,
				84F22891221269C100A188C4 /* ViewController.swift in Sources */,
				84F2288F221269C100A188C4 /* AppDelegate.swift in Sources */,
			);
			runOnlyForDeploymentPostprocessing = 0;
		};
		84F2289E221269C200A188C4 /* Sources */ = {
			isa = PBXSourcesBuildPhase;
			buildActionMask = 2147483647;
			files = (
				84F228A7221269C200A188C4 /* multipleTests.swift in Sources */,
			);
			runOnlyForDeploymentPostprocessing = 0;
		};
		84F228A9221269C200A188C4 /* Sources */ = {
			isa = PBXSourcesBuildPhase;
			buildActionMask = 2147483647;
			files = (
				84F228B2221269C200A188C4 /* multipleUITests.swift in Sources */,
			);
			runOnlyForDeploymentPostprocessing = 0;
		};
/* End PBXSourcesBuildPhase section */

/* Begin PBXTargetDependency section */
		84F228A4221269C200A188C4 /* PBXTargetDependency */ = {
			isa = PBXTargetDependency;
			target = 84F2288A221269C100A188C4 /* multiple */;
			targetProxy = 84F228A3221269C200A188C4 /* PBXContainerItemProxy */;
		};
		84F228AF221269C200A188C4 /* PBXTargetDependency */ = {
			isa = PBXTargetDependency;
			target = 84F2288A221269C100A188C4 /* multiple */;
			targetProxy = 84F228AE221269C200A188C4 /* PBXContainerItemProxy */;
		};
/* End PBXTargetDependency section */

/* Begin PBXVariantGroup section */
		84F22892221269C100A188C4 /* Main.storyboard */ = {
			isa = PBXVariantGroup;
			children = (
				84F22893221269C100A188C4 /* Base */,
			);
			name = Main.storyboard;
			sourceTree = "<group>";
		};
		84F2289A221269C100A188C4 /* LaunchScreen.storyboard */ = {
			isa = PBXVariantGroup;
			children = (
				84F2289B221269C100A188C4 /* Base */,
			);
			name = LaunchScreen.storyboard;
			sourceTree = "<group>";
		};
/* End PBXVariantGroup section */

/* Begin XCBuildConfiguration section */
		84F228B4221269C200A188C4 /* Debug */ = {
			isa = XCBuildConfiguration;
			buildSettings = {
				ALWAYS_SEARCH_USER_PATHS = NO;
				CLANG_ANALYZER_NONNULL = YES;
				CLANG_ANALYZER_NUMBER_OBJECT_CONVERSION = YES_AGGRESSIVE;
				CLANG_CXX_LANGUAGE_STANDARD = "gnu++14";
				CLANG_CXX_LIBRARY = "libc++";
				CLANG_ENABLE_MODULES = YES;
				CLANG_ENABLE_OBJC_ARC = YES;
				CLANG_ENABLE_OBJC_WEAK = YES;
				CLANG_WARN_BLOCK_CAPTURE_AUTORELEASING = YES;
				CLANG_WARN_BOOL_CONVERSION = YES;
				CLANG_WARN_COMMA = YES;
				CLANG_WARN_CONSTANT_CONVERSION = YES;
				CLANG_WARN_DEPRECATED_OBJC_IMPLEMENTATIONS = YES;
				CLANG_WARN_DIRECT_OBJC_ISA_USAGE = YES_ERROR;
				CLANG_WARN_DOCUMENTATION_COMMENTS = YES;
				CLANG_WARN_EMPTY_BODY = YES;
				CLANG_WARN_ENUM_CONVERSION = YES;
				CLANG_WARN_INFINITE_RECURSION = YES;
				CLANG_WARN_INT_CONVERSION = YES;
				CLANG_WARN_NON_LITERAL_NULL_CONVERSION = YES;
				CLANG_WARN_OBJC_IMPLICIT_RETAIN_SELF = YES;
				CLANG_WARN_OBJC_LITERAL_CONVERSION = YES;
				CLANG_WARN_OBJC_ROOT_CLASS = YES_ERROR;
				CLANG_WARN_RANGE_LOOP_ANALYSIS = YES;
				CLANG_WARN_STRICT_PROTOTYPES = YES;
				CLANG_WARN_SUSPICIOUS_MOVE = YES;
				CLANG_WARN_UNGUARDED_AVAILABILITY = YES_AGGRESSIVE;
				CLANG_WARN_UNREACHABLE_CODE = YES;
				CLANG_WARN__DUPLICATE_METHOD_MATCH = YES;
				CODE_SIGN_IDENTITY = "iPhone Developer";
				COPY_PHASE_STRIP = NO;
				DEBUG_INFORMATION_FORMAT = dwarf;
				ENABLE_STRICT_OBJC_MSGSEND = YES;
				ENABLE_TESTABILITY = YES;
				GCC_C_LANGUAGE_STANDARD = gnu11;
				GCC_DYNAMIC_NO_PIC = NO;
				GCC_NO_COMMON_BLOCKS = YES;
				GCC_OPTIMIZATION_LEVEL = 0;
				GCC_PREPROCESSOR_DEFINITIONS = (
					"DEBUG=1",
					"$(inherited)",
				);
				GCC_WARN_64_TO_32_BIT_CONVERSION = YES;
				GCC_WARN_ABOUT_RETURN_TYPE = YES_ERROR;
				GCC_WARN_UNDECLARED_SELECTOR = YES;
				GCC_WARN_UNINITIALIZED_AUTOS = YES_AGGRESSIVE;
				GCC_WARN_UNUSED_FUNCTION = YES;
				GCC_WARN_UNUSED_VARIABLE = YES;
				IPHONEOS_DEPLOYMENT_TARGET = 12.1;
				MTL_ENABLE_DEBUG_INFO = INCLUDE_SOURCE;
				MTL_FAST_MATH = YES;
				ONLY_ACTIVE_ARCH = YES;
				SDKROOT = iphoneos;
				SWIFT_ACTIVE_COMPILATION_CONDITIONS = DEBUG;
				SWIFT_OPTIMIZATION_LEVEL = "-Onone";
			};
			name = Debug;
		};
		84F228B5221269C200A188C4 /* Release */ = {
			isa = XCBuildConfiguration;
			buildSettings = {
				ALWAYS_SEARCH_USER_PATHS = NO;
				CLANG_ANALYZER_NONNULL = YES;
				CLANG_ANALYZER_NUMBER_OBJECT_CONVERSION = YES_AGGRESSIVE;
				CLANG_CXX_LANGUAGE_STANDARD = "gnu++14";
				CLANG_CXX_LIBRARY = "libc++";
				CLANG_ENABLE_MODULES = YES;
				CLANG_ENABLE_OBJC_ARC = YES;
				CLANG_ENABLE_OBJC_WEAK = YES;
				CLANG_WARN_BLOCK_CAPTURE_AUTORELEASING = YES;
				CLANG_WARN_BOOL_CONVERSION = YES;
				CLANG_WARN_COMMA = YES;
				CLANG_WARN_CONSTANT_CONVERSION = YES;
				CLANG_WARN_DEPRECATED_OBJC_IMPLEMENTATIONS = YES;
				CLANG_WARN_DIRECT_OBJC_ISA_USAGE = YES_ERROR;
				CLANG_WARN_DOCUMENTATION_COMMENTS = YES;
				CLANG_WARN_EMPTY_BODY = YES;
				CLANG_WARN_ENUM_CONVERSION = YES;
				CLANG_WARN_INFINITE_RECURSION = YES;
				CLANG_WARN_INT_CONVERSION = YES;
				CLANG_WARN_NON_LITERAL_NULL_CONVERSION = YES;
				CLANG_WARN_OBJC_IMPLICIT_RETAIN_SELF = YES;
				CLANG_WARN_OBJC_LITERAL_CONVERSION = YES;
				CLANG_WARN_OBJC_ROOT_CLASS = YES_ERROR;
				CLANG_WARN_RANGE_LOOP_ANALYSIS = YES;
				CLANG_WARN_STRICT_PROTOTYPES = YES;
				CLANG_WARN_SUSPICIOUS_MOVE = YES;
				CLANG_WARN_UNGUARDED_AVAILABILITY = YES_AGGRESSIVE;
				CLANG_WARN_UNREACHABLE_CODE = YES;
				CLANG_WARN__DUPLICATE_METHOD_MATCH = YES;
				CODE_SIGN_IDENTITY = "iPhone Developer";
				COPY_PHASE_STRIP = NO;
				DEBUG_INFORMATION_FORMAT = "dwarf-with-dsym";
				ENABLE_NS_ASSERTIONS = NO;
				ENABLE_STRICT_OBJC_MSGSEND = YES;
				GCC_C_LANGUAGE_STANDARD = gnu11;
				GCC_NO_COMMON_BLOCKS = YES;
				GCC_WARN_64_TO_32_BIT_CONVERSION = YES;
				GCC_WARN_ABOUT_RETURN_TYPE = YES_ERROR;
				GCC_WARN_UNDECLARED_SELECTOR = YES;
				GCC_WARN_UNINITIALIZED_AUTOS = YES_AGGRESSIVE;
				GCC_WARN_UNUSED_FUNCTION = YES;
				GCC_WARN_UNUSED_VARIABLE = YES;
				IPHONEOS_DEPLOYMENT_TARGET = 12.1;
				MTL_ENABLE_DEBUG_INFO = NO;
				MTL_FAST_MATH = YES;
				SDKROOT = iphoneos;
				SWIFT_COMPILATION_MODE = wholemodule;
				SWIFT_OPTIMIZATION_LEVEL = "-O";
				VALIDATE_PRODUCT = YES;
			};
			name = Release;
		};
		84F228B7221269C200A188C4 /* Debug */ = {
			isa = XCBuildConfiguration;
			buildSettings = {
				ASSETCATALOG_COMPILER_APPICON_NAME = AppIcon;
				CODE_SIGN_STYLE = Automatic;
				INFOPLIST_FILE = multiple/Info.plist;
				LD_RUNPATH_SEARCH_PATHS = (
					"$(inherited)",
					"@executable_path/Frameworks",
				);
				PRODUCT_BUNDLE_IDENTIFIER = slider1.multiple;
				PRODUCT_NAME = "$(TARGET_NAME)";
				SWIFT_VERSION = 4.2;
				TARGETED_DEVICE_FAMILY = "1,2";
			};
			name = Debug;
		};
		84F228B8221269C200A188C4 /* Release */ = {
			isa = XCBuildConfiguration;
			buildSettings = {
				ASSETCATALOG_COMPILER_APPICON_NAME = AppIcon;
				CODE_SIGN_STYLE = Automatic;
				INFOPLIST_FILE = multiple/Info.plist;
				LD_RUNPATH_SEARCH_PATHS = (
					"$(inherited)",
					"@executable_path/Frameworks",
				);
				PRODUCT_BUNDLE_IDENTIFIER = slider1.multiple;
				PRODUCT_NAME = "$(TARGET_NAME)";
				SWIFT_VERSION = 4.2;
				TARGETED_DEVICE_FAMILY = "1,2";
			};
			name = Release;
		};
		84F228BA221269C200A188C4 /* Debug */ = {
			isa = XCBuildConfiguration;
			buildSettings = {
				ALWAYS_EMBED_SWIFT_STANDARD_LIBRARIES = YES;
				BUNDLE_LOADER = "$(TEST_HOST)";
				CODE_SIGN_STYLE = Automatic;
				INFOPLIST_FILE = multipleTests/Info.plist;
				LD_RUNPATH_SEARCH_PATHS = (
					"$(inherited)",
					"@executable_path/Frameworks",
					"@loader_path/Frameworks",
				);
				PRODUCT_BUNDLE_IDENTIFIER = slider1.multipleTests;
				PRODUCT_NAME = "$(TARGET_NAME)";
				SWIFT_VERSION = 4.2;
				TARGETED_DEVICE_FAMILY = "1,2";
				TEST_HOST = "$(BUILT_PRODUCTS_DIR)/multiple.app/multiple";
			};
			name = Debug;
		};
		84F228BB221269C200A188C4 /* Release */ = {
			isa = XCBuildConfiguration;
			buildSettings = {
				ALWAYS_EMBED_SWIFT_STANDARD_LIBRARIES = YES;
				BUNDLE_LOADER = "$(TEST_HOST)";
				CODE_SIGN_STYLE = Automatic;
				INFOPLIST_FILE = multipleTests/Info.plist;
				LD_RUNPATH_SEARCH_PATHS = (
					"$(inherited)",
					"@executable_path/Frameworks",
					"@loader_path/Frameworks",
				);
				PRODUCT_BUNDLE_IDENTIFIER = slider1.multipleTests;
				PRODUCT_NAME = "$(TARGET_NAME)";
				SWIFT_VERSION = 4.2;
				TARGETED_DEVICE_FAMILY = "1,2";
				TEST_HOST = "$(BUILT_PRODUCTS_DIR)/multiple.app/multiple";
			};
			name = Release;
		};
		84F228BD221269C200A188C4 /* Debug */ = {
			isa = XCBuildConfiguration;
			buildSettings = {
				ALWAYS_EMBED_SWIFT_STANDARD_LIBRARIES = YES;
				CODE_SIGN_STYLE = Automatic;
				INFOPLIST_FILE = multipleUITests/Info.plist;
				LD_RUNPATH_SEARCH_PATHS = (
					"$(inherited)",
					"@executable_path/Frameworks",
					"@loader_path/Frameworks",
				);
				PRODUCT_BUNDLE_IDENTIFIER = slider1.multipleUITests;
				PRODUCT_NAME = "$(TARGET_NAME)";
				SWIFT_VERSION = 4.2;
				TARGETED_DEVICE_FAMILY = "1,2";
				TEST_TARGET_NAME = multiple;
			};
			name = Debug;
		};
		84F228BE221269C200A188C4 /* Release */ = {
			isa = XCBuildConfiguration;
			buildSettings = {
				ALWAYS_EMBED_SWIFT_STANDARD_LIBRARIES = YES;
				CODE_SIGN_STYLE = Automatic;
				INFOPLIST_FILE = multipleUITests/Info.plist;
				LD_RUNPATH_SEARCH_PATHS = (
					"$(inherited)",
					"@executable_path/Frameworks",
					"@loader_path/Frameworks",
				);
				PRODUCT_BUNDLE_IDENTIFIER = slider1.multipleUITests;
				PRODUCT_NAME = "$(TARGET_NAME)";
				SWIFT_VERSION = 4.2;
				TARGETED_DEVICE_FAMILY = "1,2";
				TEST_TARGET_NAME = multiple;
			};
			name = Release;
		};
/* End XCBuildConfiguration section */

/* Begin XCConfigurationList section */
		84F22886221269C100A188C4 /* Build configuration list for PBXProject "multiple" */ = {
			isa = XCConfigurationList;
			buildConfigurations = (
				84F228B4221269C200A188C4 /* Debug */,
				84F228B5221269C200A188C4 /* Release */,
			);
			defaultConfigurationIsVisible = 0;
			defaultConfigurationName = Release;
		};
		84F228B6221269C200A188C4 /* Build configuration list for PBXNativeTarget "multiple" */ = {
			isa = XCConfigurationList;
			buildConfigurations = (
				84F228B7221269C200A188C4 /* Debug */,
				84F228B8221269C200A188C4 /* Release */,
			);
			defaultConfigurationIsVisible = 0;
			defaultConfigurationName = Release;
		};
		84F228B9221269C200A188C4 /* Build configuration list for PBXNativeTarget "multipleTests" */ = {
			isa = XCConfigurationList;
			buildConfigurations = (
				84F228BA221269C200A188C4 /* Debug */,
				84F228BB221269C200A188C4 /* Release */,
			);
			defaultConfigurationIsVisible = 0;
			defaultConfigurationName = Release;
		};
		84F228BC221269C200A188C4 /* Build configuration list for PBXNativeTarget "multipleUITests" */ = {
			isa = XCConfigurationList;
			buildConfigurations = (
				84F228BD221269C200A188C4 /* Debug */,
				84F228BE221269C200A188C4 /* Release */,
			);
			defaultConfigurationIsVisible = 0;
			defaultConfigurationName = Release;
		};
/* End XCConfigurationList section */

/* Begin XCVersionGroup section */
		84F22895221269C100A188C4 /* multiple.xcdatamodeld */ = {
			isa = XCVersionGroup;
			children = (
				84F22896221269C100A188C4 /* multiple.xcdatamodel */,
			);
			currentVersion = 84F22896221269C100A188C4 /* multiple.xcdatamodel */;
			path = multiple.xcdatamodeld;
			sourceTree = "<group>";
			versionGroupType = wrapper.xcdatamodel;
		};
/* End XCVersionGroup section */
	};
	rootObject = 84F22883221269C100A188C4 /* Project object */;
}
